hash: 466ee4566b36b8de17e7f384c9d12b3297dfcc6adac140a5426d8a68483cd0ce
updated: 2017-06-15T14:31:42.426887621-06:00
imports:
- name: github.com/gophercloud/gophercloud
  version: ed590d9afe113c6107cd60717b196155e6579e78
  subpackages:
  - openstack
  - openstack/identity/v2/tenants
  - openstack/identity/v2/tokens
  - openstack/identity/v3/tokens
  - openstack/utils
  - pagination
- name: github.com/monasca/golang-monascaclient
  version: c3adf7f4ac1a924c5d32fe81b904d86a90658fc4
  subpackages:
  - monascaclient
  - monascaclient/models
testImports: []
